
Microsoft Visual Studio Solution File, Format Version 12.00
# Visual Studio Version 17
VisualStudioVersion = 17.2.32630.192
MinimumVisualStudioVersion = 10.0.40219.1
Project("{FAE04EC0-301F-11D3-BF4B-00C04F79EFBC}") = "simple-todo-backend", "simple-todo-backend\simple-todo-backend.csproj", "{904E7708-92B6-4E1B-9BF4-B0EFAB97C2B7}"
EndProject
Global
	GlobalSection(SolutionConfigurationPlatforms) = preSolution
		Debug|Any CPU = Debug|Any CPU
		Release|Any CPU = Release|Any CPU
	EndGlobalSection
	GlobalSection(ProjectConfigurationPlatforms) = postSolution
		{904E7708-92B6-4E1B-9BF4-B0EFAB97C2B7}.Debug|Any CPU.ActiveCfg = Debug|Any CPU
		{904E7708-92B6-4E1B-9BF4-B0EFAB97C2B7}.Debug|Any CPU.Build.0 = Debug|Any CPU
		{904E7708-92B6-4E1B-9BF4-B0EFAB97C2B7}.Release|Any CPU.ActiveCfg = Release|Any CPU
		{904E7708-92B6-4E1B-9BF4-B0EFAB97C2B7}.Release|Any CPU.Build.0 = Release|Any CPU
	EndGlobalSection
	GlobalSection(SolutionProperties) = preSolution
		HideSolutionNode = FALSE
	EndGlobalSection
	GlobalSection(ExtensibilityGlobals) = postSolution
		SolutionGuid = {DB9A150E-7CA8-4C22-9899-85D1EA414C50}
	EndGlobalSection
EndGlobal
